
Microsoft Visual Studio Solution File, Format Version 12.00
# Visual Studio 14
VisualStudioVersion = 14.0.23107.0
MinimumVisualStudioVersion = 10.0.40219.1
Project("{FAE04EC0-301F-11D3-BF4B-00C04F79EFBC}") = "Lecture_48_Exercise_5", "Lecture_48_Exercise_5\Lecture_48_Exercise_5.csproj", "{D321699F-D30D-488A-BB68-CC594F384DDB}"
EndProject
Project("{FAE04EC0-301F-11D3-BF4B-00C04F79EFBC}") = "Lecture_48_Exercise_4", "Lecture_48_Exercise_4\Lecture_48_Exercise_4.csproj", "{9BF6B784-28AE-48AA-9234-BE1A210DE9CC}"
EndProject
Project("{FAE04EC0-301F-11D3-BF4B-00C04F79EFBC}") = "Lecture_48_Exercise_3", "Lecture_48_Exercise_3\Lecture_48_Exercise_3.csproj", "{6D268D91-7F6B-4D75-A224-92C6D93F4C51}"
EndProject
Project("{FAE04EC0-301F-11D3-BF4B-00C04F79EFBC}") = "Lecture_48_Exercise_2", "Lecture_48_Exercise_2\Lecture_48_Exercise_2.csproj", "{A5E1C279-5023-4125-8710-587D0B0EC6ED}"
EndProject
Project("{FAE04EC0-301F-11D3-BF4B-00C04F79EFBC}") = "Lecture_48_Exercise_1", "Lecture_48_Exercise_1\Lecture_48_Exercise_1.csproj", "{C29D52C0-5885-4E16-B4A5-664261921489}"
EndProject
Project("{FAE04EC0-301F-11D3-BF4B-00C04F79EFBC}") = "Lecture_42_Exercise_4", "Lecture_42_Exercise_4\Lecture_42_Exercise_4.csproj", "{A4018E29-421D-4A59-8698-6B3BA08ED092}"
EndProject
Project("{FAE04EC0-301F-11D3-BF4B-00C04F79EFBC}") = "Lecture_42_Exercise_3", "Lecture_42_Exercise_3\Lecture_42_Exercise_3.csproj", "{DA6D68F0-5864-4AA6-BA47-96ACE177D9EC}"
EndProject
Project("{FAE04EC0-301F-11D3-BF4B-00C04F79EFBC}") = "Lecture_42_Exercise_2", "Lecture_42_Exercise_2\Lecture_42_Exercise_2.csproj", "{58635E16-3A6F-4217-B309-15C8E997F819}"
EndProject
Project("{FAE04EC0-301F-11D3-BF4B-00C04F79EFBC}") = "Lecture_42_Exercise_1", "Lecture_42_Exercise_1\Lecture_42_Exercise_1.csproj", "{F27669CA-DADE-4E0A-A0A2-F0F78A4406DD}"
EndProject
Project("{FAE04EC0-301F-11D3-BF4B-00C04F79EFBC}") = "Lecture_55_Exercise_1", "Lecture_55_Exercise_1\Lecture_55_Exercise_1.csproj", "{6CF6674A-71F1-412C-A113-FABE432CB48F}"
EndProject
Project("{FAE04EC0-301F-11D3-BF4B-00C04F79EFBC}") = "Lecture_55_Exercise_2", "Lecture_55_Exercise_2\Lecture_55_Exercise_2.csproj", "{D61BB7CF-4CAB-4FC6-9F77-C6B1E1770D46}"
EndProject
Project("{FAE04EC0-301F-11D3-BF4B-00C04F79EFBC}") = "Lecture_55_Exercise_3", "Lecture_55_Exercise_3\Lecture_55_Exercise_3.csproj", "{694A8516-AD35-4E41-9CFE-1E6ADD413BA4}"
EndProject
Project("{FAE04EC0-301F-11D3-BF4B-00C04F79EFBC}") = "Lecture_55_Exercise_4", "Lecture_55_Exercise_4\Lecture_55_Exercise_4.csproj", "{66C633EF-E154-4B88-8FCB-C8360AEB2BF0}"
EndProject
Project("{FAE04EC0-301F-11D3-BF4B-00C04F79EFBC}") = "Lecture_55_Exercise_5", "Lecture_55_Exercise_5\Lecture_55_Exercise_5.csproj", "{1BA89753-F047-4E26-82D8-A3FCE8E0FFC9}"
EndProject
Project("{FAE04EC0-301F-11D3-BF4B-00C04F79EFBC}") = "Lecture_67_Exercise_1", "Lecture_67_Exercise_1\Lecture_67_Exercise_1.csproj", "{1FE6B3F2-9B71-434B-A627-FD4893BDD334}"
EndProject
Project("{FAE04EC0-301F-11D3-BF4B-00C04F79EFBC}") = "Lecture_67_Exercise_2", "Lecture_67_Exercise_2\Lecture_67_Exercise_2.csproj", "{1BDDCEF7-268B-423E-900D-B97CB8DA33A2}"
EndProject
Project("{FAE04EC0-301F-11D3-BF4B-00C04F79EFBC}") = "Lecture_67_Exercise_3", "Lecture_67_Exercise_3\Lecture_67_Exercise_3.csproj", "{90881316-4CBD-4AAA-BFE2-D33FB29AF06A}"
EndProject
Global
	GlobalSection(SolutionConfigurationPlatforms) = preSolution
		Debug|Any CPU = Debug|Any CPU
		Release|Any CPU = Release|Any CPU
	EndGlobalSection
	GlobalSection(ProjectConfigurationPlatforms) = postSolution
		{D321699F-D30D-488A-BB68-CC594F384DDB}.Debug|Any CPU.ActiveCfg = Debug|Any CPU
		{D321699F-D30D-488A-BB68-CC594F384DDB}.Debug|Any CPU.Build.0 = Debug|Any CPU
		{D321699F-D30D-488A-BB68-CC594F384DDB}.Release|Any CPU.ActiveCfg = Release|Any CPU
		{D321699F-D30D-488A-BB68-CC594F384DDB}.Release|Any CPU.Build.0 = Release|Any CPU
		{9BF6B784-28AE-48AA-9234-BE1A210DE9CC}.Debug|Any CPU.ActiveCfg = Debug|Any CPU
		{9BF6B784-28AE-48AA-9234-BE1A210DE9CC}.Debug|Any CPU.Build.0 = Debug|Any CPU
		{9BF6B784-28AE-48AA-9234-BE1A210DE9CC}.Release|Any CPU.ActiveCfg = Release|Any CPU
		{9BF6B784-28AE-48AA-9234-BE1A210DE9CC}.Release|Any CPU.Build.0 = Release|Any CPU
		{6D268D91-7F6B-4D75-A224-92C6D93F4C51}.Debug|Any CPU.ActiveCfg = Debug|Any CPU
		{6D268D91-7F6B-4D75-A224-92C6D93F4C51}.Debug|Any CPU.Build.0 = Debug|Any CPU
		{6D268D91-7F6B-4D75-A224-92C6D93F4C51}.Release|Any CPU.ActiveCfg = Release|Any CPU
		{6D268D91-7F6B-4D75-A224-92C6D93F4C51}.Release|Any CPU.Build.0 = Release|Any CPU
		{A5E1C279-5023-4125-8710-587D0B0EC6ED}.Debug|Any CPU.ActiveCfg = Debug|Any CPU
		{A5E1C279-5023-4125-8710-587D0B0EC6ED}.Debug|Any CPU.Build.0 = Debug|Any CPU
		{A5E1C279-5023-4125-8710-587D0B0EC6ED}.Release|Any CPU.ActiveCfg = Release|Any CPU
		{A5E1C279-5023-4125-8710-587D0B0EC6ED}.Release|Any CPU.Build.0 = Release|Any CPU
		{C29D52C0-5885-4E16-B4A5-664261921489}.Debug|Any CPU.ActiveCfg = Debug|Any CPU
		{C29D52C0-5885-4E16-B4A5-664261921489}.Debug|Any CPU.Build.0 = Debug|Any CPU
		{C29D52C0-5885-4E16-B4A5-664261921489}.Release|Any CPU.ActiveCfg = Release|Any CPU
		{C29D52C0-5885-4E16-B4A5-664261921489}.Release|Any CPU.Build.0 = Release|Any CPU
		{A4018E29-421D-4A59-8698-6B3BA08ED092}.Debug|Any CPU.ActiveCfg = Debug|Any CPU
		{A4018E29-421D-4A59-8698-6B3BA08ED092}.Debug|Any CPU.Build.0 = Debug|Any CPU
		{A4018E29-421D-4A59-8698-6B3BA08ED092}.Release|Any CPU.ActiveCfg = Release|Any CPU
		{A4018E29-421D-4A59-8698-6B3BA08ED092}.Release|Any CPU.Build.0 = Release|Any CPU
		{DA6D68F0-5864-4AA6-BA47-96ACE177D9EC}.Debug|Any CPU.ActiveCfg = Debug|Any CPU
		{DA6D68F0-5864-4AA6-BA47-96ACE177D9EC}.Debug|Any CPU.Build.0 = Debug|Any CPU
		{DA6D68F0-5864-4AA6-BA47-96ACE177D9EC}.Release|Any CPU.ActiveCfg = Release|Any CPU
		{DA6D68F0-5864-4AA6-BA47-96ACE177D9EC}.Release|Any CPU.Build.0 = Release|Any CPU
		{58635E16-3A6F-4217-B309-15C8E997F819}.Debug|Any CPU.ActiveCfg = Debug|Any CPU
		{58635E16-3A6F-4217-B309-15C8E997F819}.Debug|Any CPU.Build.0 = Debug|Any CPU
		{58635E16-3A6F-4217-B309-15C8E997F819}.Release|Any CPU.ActiveCfg = Release|Any CPU
		{58635E16-3A6F-4217-B309-15C8E997F819}.Release|Any CPU.Build.0 = Release|Any CPU
		{F27669CA-DADE-4E0A-A0A2-F0F78A4406DD}.Debug|Any CPU.ActiveCfg = Debug|Any CPU
		{F27669CA-DADE-4E0A-A0A2-F0F78A4406DD}.Debug|Any CPU.Build.0 = Debug|Any CPU
		{F27669CA-DADE-4E0A-A0A2-F0F78A4406DD}.Release|Any CPU.ActiveCfg = Release|Any CPU
		{F27669CA-DADE-4E0A-A0A2-F0F78A4406DD}.Release|Any CPU.Build.0 = Release|Any CPU
		{6CF6674A-71F1-412C-A113-FABE432CB48F}.Debug|Any CPU.ActiveCfg = Debug|Any CPU
		{6CF6674A-71F1-412C-A113-FABE432CB48F}.Debug|Any CPU.Build.0 = Debug|Any CPU
		{6CF6674A-71F1-412C-A113-FABE432CB48F}.Release|Any CPU.ActiveCfg = Release|Any CPU
		{6CF6674A-71F1-412C-A113-FABE432CB48F}.Release|Any CPU.Build.0 = Release|Any CPU
		{D61BB7CF-4CAB-4FC6-9F77-C6B1E1770D46}.Debug|Any CPU.ActiveCfg = Debug|Any CPU
		{D61BB7CF-4CAB-4FC6-9F77-C6B1E1770D46}.Debug|Any CPU.Build.0 = Debug|Any CPU
		{D61BB7CF-4CAB-4FC6-9F77-C6B1E1770D46}.Release|Any CPU.ActiveCfg = Release|Any CPU
		{D61BB7CF-4CAB-4FC6-9F77-C6B1E1770D46}.Release|Any CPU.Build.0 = Release|Any CPU
		{694A8516-AD35-4E41-9CFE-1E6ADD413BA4}.Debug|Any CPU.ActiveCfg = Debug|Any CPU
		{694A8516-AD35-4E41-9CFE-1E6ADD413BA4}.Debug|Any CPU.Build.0 = Debug|Any CPU
		{694A8516-AD35-4E41-9CFE-1E6ADD413BA4}.Release|Any CPU.ActiveCfg = Release|Any CPU
		{694A8516-AD35-4E41-9CFE-1E6ADD413BA4}.Release|Any CPU.Build.0 = Release|Any CPU
		{66C633EF-E154-4B88-8FCB-C8360AEB2BF0}.Debug|Any CPU.ActiveCfg = Debug|Any CPU
		{66C633EF-E154-4B88-8FCB-C8360AEB2BF0}.Debug|Any CPU.Build.0 = Debug|Any CPU
		{66C633EF-E154-4B88-8FCB-C8360AEB2BF0}.Release|Any CPU.ActiveCfg = Release|Any CPU
		{66C633EF-E154-4B88-8FCB-C8360AEB2BF0}.Release|Any CPU.Build.0 = Release|Any CPU
		{1BA89753-F047-4E26-82D8-A3FCE8E0FFC9}.Debug|Any CPU.ActiveCfg = Debug|Any CPU
		{1BA89753-F047-4E26-82D8-A3FCE8E0FFC9}.Debug|Any CPU.Build.0 = Debug|Any CPU
		{1BA89753-F047-4E26-82D8-A3FCE8E0FFC9}.Release|Any CPU.ActiveCfg = Release|Any CPU
		{1BA89753-F047-4E26-82D8-A3FCE8E0FFC9}.Release|Any CPU.Build.0 = Release|Any CPU
		{1FE6B3F2-9B71-434B-A627-FD4893BDD334}.Debug|Any CPU.ActiveCfg = Debug|Any CPU
		{1FE6B3F2-9B71-434B-A627-FD4893BDD334}.Debug|Any CPU.Build.0 = Debug|Any CPU
		{1FE6B3F2-9B71-434B-A627-FD4893BDD334}.Release|Any CPU.ActiveCfg = Release|Any CPU
		{1FE6B3F2-9B71-434B-A627-FD4893BDD334}.Release|Any CPU.Build.0 = Release|Any CPU
		{1BDDCEF7-268B-423E-900D-B97CB8DA33A2}.Debug|Any CPU.ActiveCfg = Debug|Any CPU
		{1BDDCEF7-268B-423E-900D-B97CB8DA33A2}.Debug|Any CPU.Build.0 = Debug|Any CPU
		{1BDDCEF7-268B-423E-900D-B97CB8DA33A2}.Release|Any CPU.ActiveCfg = Release|Any CPU
		{1BDDCEF7-268B-423E-900D-B97CB8DA33A2}.Release|Any CPU.Build.0 = Release|Any CPU
		{90881316-4CBD-4AAA-BFE2-D33FB29AF06A}.Debug|Any CPU.ActiveCfg = Debug|Any CPU
		{90881316-4CBD-4AAA-BFE2-D33FB29AF06A}.Debug|Any CPU.Build.0 = Debug|Any CPU
		{90881316-4CBD-4AAA-BFE2-D33FB29AF06A}.Release|Any CPU.ActiveCfg = Release|Any CPU
		{90881316-4CBD-4AAA-BFE2-D33FB29AF06A}.Release|Any CPU.Build.0 = Release|Any CPU
	EndGlobalSection
	GlobalSection(SolutionProperties) = preSolution
		HideSolutionNode = FALSE
	EndGlobalSection
EndGlobal
